// !$*UTF8*$!
{
	archiveVersion = 1;
	classes = {
	};
	objectVersion = 46;
	objects = {

/* Begin PBXBuildFile section */
		1D15A0FE1D087DF500ABBCBC /* AppDelegate.swift in Sources */ = {isa = PBXBuildFile; fileRef = 1D15A0FD1D087DF500ABBCBC /* AppDelegate.swift */; };
		1D15A1001D087DF500ABBCBC /* ViewController.swift in Sources */ = {isa = PBXBuildFile; fileRef = 1D15A0FF1D087DF500ABBCBC /* ViewController.swift */; };
		1D15A1031D087DF500ABBCBC /* Main.storyboard in Resources */ = {isa = PBXBuildFile; fileRef = 1D15A1011D087DF500ABBCBC /* Main.storyboard */; };
		1D15A1051D087DF500ABBCBC /* Assets.xcassets in Resources */ = {isa = PBXBuildFile; fileRef = 1D15A1041D087DF500ABBCBC /* Assets.xcassets */; };
		1D15A1081D087DF500ABBCBC /* LaunchScreen.storyboard in Resources */ = {isa = PBXBuildFile; fileRef = 1D15A1061D087DF500ABBCBC /* LaunchScreen.storyboard */; };
		1D15A1111D08845500ABBCBC /* Entity.swift in Sources */ = {isa = PBXBuildFile; fileRef = 1D15A1101D08845500ABBCBC /* Entity.swift */; };
		1D15A1131D088B5500ABBCBC /* EntitiesHelper.swift in Sources */ = {isa = PBXBuildFile; fileRef = 1D15A1121D088B5500ABBCBC /* EntitiesHelper.swift */; };
		1D15A11A1D08911A00ABBCBC /* TechCompaniesListViewController.swift in Sources */ = {isa = PBXBuildFile; fileRef = 1D15A1191D08911A00ABBCBC /* TechCompaniesListViewController.swift */; };
		1D15A11E1D08C6DF00ABBCBC /* TechCompanyDetailViewController.swift in Sources */ = {isa = PBXBuildFile; fileRef = 1D15A11D1D08C6DF00ABBCBC /* TechCompanyDetailViewController.swift */; };
		1DCF8AE71D0B6DA200586382 /* TechCompanyAddViewController.swift in Sources */ = {isa = PBXBuildFile; fileRef = 1DCF8AE61D0B6DA200586382 /* TechCompanyAddViewController.swift */; };
/* End PBXBuildFile section */

/* Begin PBXFileReference section */
		1D15A0FA1D087DF500ABBCBC /* TechCompanies.app */ = {isa = PBXFileReference; explicitFileType = wrapper.application; includeInIndex = 0; path = TechCompanies.app; sourceTree = BUILT_PRODUCTS_DIR; };
		1D15A0FD1D087DF500ABBCBC /* AppDelegate.swift */ = {isa = PBXFileReference; lastKnownFileType = sourcecode.swift; path = AppDelegate.swift; sourceTree = "<group>"; };
		1D15A0FF1D087DF500ABBCBC /* ViewController.swift */ = {isa = PBXFileReference; lastKnownFileType = sourcecode.swift; path = ViewController.swift; sourceTree = "<group>"; };
		1D15A1021D087DF500ABBCBC /* Base */ = {isa = PBXFileReference; lastKnownFileType = file.storyboard; name = Base; path = Base.lproj/Main.storyboard; sourceTree = "<group>"; };
		1D15A1041D087DF500ABBCBC /* Assets.xcassets */ = {isa = PBXFileReference; lastKnownFileType = folder.assetcatalog; path = Assets.xcassets; sourceTree = "<group>"; };
		1D15A1071D087DF500ABBCBC /* Base */ = {isa = PBXFileReference; lastKnownFileType = file.storyboard; name = Base; path = Base.lproj/LaunchScreen.storyboard; sourceTree = "<group>"; };
		1D15A1091D087DF500ABBCBC /* Info.plist */ = {isa = PBXFileReference; lastKnownFileType = text.plist.xml; path = Info.plist; sourceTree = "<group>"; };
		1D15A1101D08845500ABBCBC /* Entity.swift */ = {isa = PBXFileReference; fileEncoding = 4; lastKnownFileType = sourcecode.swift; path = Entity.swift; sourceTree = "<group>"; };
		1D15A1121D088B5500ABBCBC /* EntitiesHelper.swift */ = {isa = PBXFileReference; fileEncoding = 4; lastKnownFileType = sourcecode.swift; path = EntitiesHelper.swift; sourceTree = "<group>"; };
		1D15A1191D08911A00ABBCBC /* TechCompaniesListViewController.swift */ = {isa = PBXFileReference; fileEncoding = 4; lastKnownFileType = sourcecode.swift; path = TechCompaniesListViewController.swift; sourceTree = "<group>"; };
		1D15A11D1D08C6DF00ABBCBC /* TechCompanyDetailViewController.swift */ = {isa = PBXFileReference; fileEncoding = 4; lastKnownFileType = sourcecode.swift; path = TechCompanyDetailViewController.swift; sourceTree = "<group>"; };
		1DCF8AE61D0B6DA200586382 /* TechCompanyAddViewController.swift */ = {isa = PBXFileReference; fileEncoding = 4; lastKnownFileType = sourcecode.swift; path = TechCompanyAddViewController.swift; sourceTree = "<group>"; };
/* End PBXFileReference section */

/* Begin PBXFrameworksBuildPhase section */
		1D15A0F71D087DF500ABBCBC /* Frameworks */ = {
			isa = PBXFrameworksBuildPhase;
			buildActionMask = 2147483647;
			files = (
			);
			runOnlyForDeploymentPostprocessing = 0;
		};
/* End PBXFrameworksBuildPhase section */

/* Begin PBXGroup section */
		1D15A0F11D087DF500ABBCBC = {
			isa = PBXGroup;
			children = (
				1D15A0FC1D087DF500ABBCBC /* TechCompanies */,
				1D15A0FB1D087DF500ABBCBC /* Products */,
			);
			sourceTree = "<group>";
		};
		1D15A0FB1D087DF500ABBCBC /* Products */ = {
			isa = PBXGroup;
			children = (
				1D15A0FA1D087DF500ABBCBC /* TechCompanies.app */,
			);
			name = Products;
			sourceTree = "<group>";
		};
		1D15A0FC1D087DF500ABBCBC /* TechCompanies */ = {
			isa = PBXGroup;
			children = (
				1D15A1141D088DD800ABBCBC /* ViewControllers  */,
				1D15A10F1D0880B100ABBCBC /* Models */,
				1D15A0FD1D087DF500ABBCBC /* AppDelegate.swift */,
				1D15A0FF1D087DF500ABBCBC /* ViewController.swift */,
				1D15A1011D087DF500ABBCBC /* Main.storyboard */,
				1D15A1041D087DF500ABBCBC /* Assets.xcassets */,
				1D15A1061D087DF500ABBCBC /* LaunchScreen.storyboard */,
				1D15A1091D087DF500ABBCBC /* Info.plist */,
			);
			path = TechCompanies;
			sourceTree = "<group>";
		};
		1D15A10F1D0880B100ABBCBC /* Models */ = {
			isa = PBXGroup;
			children = (
				1D15A1101D08845500ABBCBC /* Entity.swift */,
				1D15A1121D088B5500ABBCBC /* EntitiesHelper.swift */,
			);
			name = Models;
			sourceTree = "<group>";
		};
		1D15A1141D088DD800ABBCBC /* ViewControllers  */ = {
			isa = PBXGroup;
			children = (
				1D15A1191D08911A00ABBCBC /* TechCompaniesListViewController.swift */,
				1D15A11D1D08C6DF00ABBCBC /* TechCompanyDetailViewController.swift */,
				1DCF8AE61D0B6DA200586382 /* TechCompanyAddViewController.swift */,
			);
			name = "ViewControllers ";
			sourceTree = "<group>";
		};
/* End PBXGroup section */

/* Begin PBXNativeTarget section */
		1D15A0F91D087DF500ABBCBC /* TechCompanies */ = {
			isa = PBXNativeTarget;
			buildConfigurationList = 1D15A10C1D087DF500ABBCBC /* Build configuration list for PBXNativeTarget "TechCompanies" */;
			buildPhases = (
				1D15A0F61D087DF500ABBCBC /* Sources */,
				1D15A0F71D087DF500ABBCBC /* Frameworks */,
				1D15A0F81D087DF500ABBCBC /* Resources */,
			);
			buildRules = (
			);
			dependencies = (
			);
			name = TechCompanies;
			productName = TechCompanies;
			productReference = 1D15A0FA1D087DF500ABBCBC /* TechCompanies.app */;
			productType = "com.apple.product-type.application";
		};
/* End PBXNativeTarget section */

/* Begin PBXProject section */
		1D15A0F21D087DF500ABBCBC /* Project object */ = {
			isa = PBXProject;
			attributes = {
				LastSwiftUpdateCheck = 0730;
				LastUpgradeCheck = 0730;
				ORGANIZATIONNAME = Bilal;
				TargetAttributes = {
					1D15A0F91D087DF500ABBCBC = {
						CreatedOnToolsVersion = 7.3.1;
					};
				};
			};
			buildConfigurationList = 1D15A0F51D087DF500ABBCBC /* Build configuration list for PBXProject "TechCompanies" */;
			compatibilityVersion = "Xcode 3.2";
			developmentRegion = English;
			hasScannedForEncodings = 0;
			knownRegions = (
				en,
				Base,
			);
			mainGroup = 1D15A0F11D087DF500ABBCBC;
			productRefGroup = 1D15A0FB1D087DF500ABBCBC /* Products */;
			projectDirPath = "";
			projectRoot = "";
			targets = (
				1D15A0F91D087DF500ABBCBC /* TechCompanies */,
			);
		};
/* End PBXProject section */

/* Begin PBXResourcesBuildPhase section */
		1D15A0F81D087DF500ABBCBC /* Resources */ = {
			isa = PBXResourcesBuildPhase;
			buildActionMask = 2147483647;
			files = (
				1D15A1081D087DF500ABBCBC /* LaunchScreen.storyboard in Resources */,
				1D15A1051D087DF500ABBCBC /* Assets.xcassets in Resources */,
				1D15A1031D087DF500ABBCBC /* Main.storyboard in Resources */,
			);
			runOnlyForDeploymentPostprocessing = 0;
		};
/* End PBXResourcesBuildPhase section */

/* Begin PBXSourcesBuildPhase section */
		1D15A0F61D087DF500ABBCBC /* Sources */ = {
			isa = PBXSourcesBuildPhase;
			buildActionMask = 2147483647;
			files = (
				1D15A1131D088B5500ABBCBC /* EntitiesHelper.swift in Sources */,
				1D15A1001D087DF500ABBCBC /* ViewController.swift in Sources */,
				1DCF8AE71D0B6DA200586382 /* TechCompanyAddViewController.swift in Sources */,
				1D15A0FE1D087DF500ABBCBC /* AppDelegate.swift in Sources */,
				1D15A11A1D08911A00ABBCBC /* TechCompaniesListViewController.swift in Sources */,
				1D15A1111D08845500ABBCBC /* Entity.swift in Sources */,
				1D15A11E1D08C6DF00ABBCBC /* TechCompanyDetailViewController.swift in Sources */,
			);
			runOnlyForDeploymentPostprocessing = 0;
		};
/* End PBXSourcesBuildPhase section */

/* Begin PBXVariantGroup section */
		1D15A1011D087DF500ABBCBC /* Main.storyboard */ = {
			isa = PBXVariantGroup;
			children = (
				1D15A1021D087DF500ABBCBC /* Base */,
			);
			name = Main.storyboard;
			sourceTree = "<group>";
		};
		1D15A1061D087DF500ABBCBC /* LaunchScreen.storyboard */ = {
			isa = PBXVariantGroup;
			children = (
				1D15A1071D087DF500ABBCBC /* Base */,
			);
			name = LaunchScreen.storyboard;
			sourceTree = "<group>";
		};
/* End PBXVariantGroup section */

/* Begin XCBuildConfiguration section */
		1D15A10A1D087DF500ABBCBC /* Debug */ = {
			isa = XCBuildConfiguration;
			buildSettings = {
				ALWAYS_SEARCH_USER_PATHS = NO;
				CLANG_ANALYZER_NONNULL = YES;
				CLANG_CXX_LANGUAGE_STANDARD = "gnu++0x";
				CLANG_CXX_LIBRARY = "libc++";
				CLANG_ENABLE_MODULES = YES;
				CLANG_ENABLE_OBJC_ARC = YES;
				CLANG_WARN_BOOL_CONVERSION = YES;
				CLANG_WARN_CONSTANT_CONVERSION = YES;
				CLANG_WARN_DIRECT_OBJC_ISA_USAGE = YES_ERROR;
				CLANG_WARN_EMPTY_BODY = YES;
				CLANG_WARN_ENUM_CONVERSION = YES;
				CLANG_WARN_INT_CONVERSION = YES;
				CLANG_WARN_OBJC_ROOT_CLASS = YES_ERROR;
				CLANG_WARN_UNREACHABLE_CODE = YES;
				CLANG_WARN__DUPLICATE_METHOD_MATCH = YES;
				"CODE_SIGN_IDENTITY[sdk=iphoneos*]" = "iPhone Developer";
				COPY_PHASE_STRIP = NO;
				DEBUG_INFORMATION_FORMAT = dwarf;
				ENABLE_STRICT_OBJC_MSGSEND = YES;
				ENABLE_TESTABILITY = YES;
				GCC_C_LANGUAGE_STANDARD = gnu99;
				GCC_DYNAMIC_NO_PIC = NO;
				GCC_NO_COMMON_BLOCKS = YES;
				GCC_OPTIMIZATION_LEVEL = 0;
				GCC_PREPROCESSOR_DEFINITIONS = (
					"DEBUG=1",
					"$(inherited)",
				);
				GCC_WARN_64_TO_32_BIT_CONVERSION = YES;
				GCC_WARN_ABOUT_RETURN_TYPE = YES_ERROR;
				GCC_WARN_UNDECLARED_SELECTOR = YES;
				GCC_WARN_UNINITIALIZED_AUTOS = YES_AGGRESSIVE;
				GCC_WARN_UNUSED_FUNCTION = YES;
				GCC_WARN_UNUSED_VARIABLE = YES;
				IPHONEOS_DEPLOYMENT_TARGET = 9.3;
				MTL_ENABLE_DEBUG_INFO = YES;
				ONLY_ACTIVE_ARCH = YES;
				SDKROOT = iphoneos;
				SWIFT_OPTIMIZATION_LEVEL = "-Onone";
			};
			name = Debug;
		};
		1D15A10B1D087DF500ABBCBC /* Release */ = {
			isa = XCBuildConfiguration;
			buildSettings = {
				ALWAYS_SEARCH_USER_PATHS = NO;
				CLANG_ANALYZER_NONNULL = YES;
				CLANG_CXX_LANGUAGE_STANDARD = "gnu++0x";
				CLANG_CXX_LIBRARY = "libc++";
				CLANG_ENABLE_MODULES = YES;
				CLANG_ENABLE_OBJC_ARC = YES;
				CLANG_WARN_BOOL_CONVERSION = YES;
				CLANG_WARN_CONSTANT_CONVERSION = YES;
				CLANG_WARN_DIRECT_OBJC_ISA_USAGE = YES_ERROR;
				CLANG_WARN_EMPTY_BODY = YES;
				CLANG_WARN_ENUM_CONVERSION = YES;
				CLANG_WARN_INT_CONVERSION = YES;
				CLANG_WARN_OBJC_ROOT_CLASS = YES_ERROR;
				CLANG_WARN_UNREACHABLE_CODE = YES;
				CLANG_WARN__DUPLICATE_METHOD_MATCH = YES;
				"CODE_SIGN_IDENTITY[sdk=iphoneos*]" = "iPhone Developer";
				COPY_PHASE_STRIP = NO;
				DEBUG_INFORMATION_FORMAT = "dwarf-with-dsym";
				ENABLE_NS_ASSERTIONS = NO;
				ENABLE_STRICT_OBJC_MSGSEND = YES;
				GCC_C_LANGUAGE_STANDARD = gnu99;
				GCC_NO_COMMON_BLOCKS = YES;
				GCC_WARN_64_TO_32_BIT_CONVERSION = YES;
				GCC_WARN_ABOUT_RETURN_TYPE = YES_ERROR;
				GCC_WARN_UNDECLARED_SELECTOR = YES;
				GCC_WARN_UNINITIALIZED_AUTOS = YES_AGGRESSIVE;
				GCC_WARN_UNUSED_FUNCTION = YES;
				GCC_WARN_UNUSED_VARIABLE = YES;
				IPHONEOS_DEPLOYMENT_TARGET = 9.3;
				MTL_ENABLE_DEBUG_INFO = NO;
				SDKROOT = iphoneos;
				VALIDATE_PRODUCT = YES;
			};
			name = Release;
		};
		1D15A10D1D087DF500ABBCBC /* Debug */ = {
			isa = XCBuildConfiguration;
			buildSettings = {
				ASSETCATALOG_COMPILER_APPICON_NAME = AppIcon;
				INFOPLIST_FILE = TechCompanies/Info.plist;
				LD_RUNPATH_SEARCH_PATHS = "$(inherited) @executable_path/Frameworks";
				PRODUCT_BUNDLE_IDENTIFIER = Bilal.TechCompanies;
				PRODUCT_NAME = "$(TARGET_NAME)";
			};
			name = Debug;
		};
		1D15A10E1D087DF500ABBCBC /* Release */ = {
			isa = XCBuildConfiguration;
			buildSettings = {
				ASSETCATALOG_COMPILER_APPICON_NAME = AppIcon;
				INFOPLIST_FILE = TechCompanies/Info.plist;
				LD_RUNPATH_SEARCH_PATHS = "$(inherited) @executable_path/Frameworks";
				PRODUCT_BUNDLE_IDENTIFIER = Bilal.TechCompanies;
				PRODUCT_NAME = "$(TARGET_NAME)";
			};
			name = Release;
		};
/* End XCBuildConfiguration section */

/* Begin XCConfigurationList section */
		1D15A0F51D087DF500ABBCBC /* Build configuration list for PBXProject "TechCompanies" */ = {
			isa = XCConfigurationList;
			buildConfigurations = (
				1D15A10A1D087DF500ABBCBC /* Debug */,
				1D15A10B1D087DF500ABBCBC /* Release */,
			);
			defaultConfigurationIsVisible = 0;
			defaultConfigurationName = Release;
		};
		1D15A10C1D087DF500ABBCBC /* Build configuration list for PBXNativeTarget "TechCompanies" */ = {
			isa = XCConfigurationList;
			buildConfigurations = (
				1D15A10D1D087DF500ABBCBC /* Debug */,
				1D15A10E1D087DF500ABBCBC /* Release */,
			);
			defaultConfigurationIsVisible = 0;
			defaultConfigurationName = Release;
		};
/* End XCConfigurationList section */
	};
	rootObject = 1D15A0F21D087DF500ABBCBC /* Project object */;
}
